github.com/git-pkgs/gitignore v1.2.0 h1:7vdR8/SvF31dvXqIdC1bKgCvyySefXuN8aY3xJLuFaM=
github.com/git-pkgs/gitignore v1.2.0/go.mod h1:Lr0XwhbvP071rZF/zIIhkY1gEhFDoWHH91lngwLpeUg=
github.com/odvcencio/gotreesitter v0.20.6 h1:tGq0vJwlpprxf5/2cfSVSo58dtvAj6/3Y39CjXtohbY=
github.com/odvcencio/gotreesitter v0.20.6/go.mod h1:hBVkghd0paaYAVwd2087vfwdeU984bQbMo9LvpE0moo=
